
Microsoft Visual Studio Solution File, Format Version 12.00
# Visual Studio Version 17
VisualStudioVersion = 17.6.33801.468
MinimumVisualStudioVersion = 10.0.40219.1
Project("{FAE04EC0-301F-11D3-BF4B-00C04F79EFBC}") = "Projeto_Lista_Tarefas", "Projeto_Lista_Tarefas\Projeto_Lista_Tarefas.csproj", "{E3257E9A-D72F-44E2-B9BE-E8261E090777}"
EndProject
Global
	GlobalSection(SolutionConfigurationPlatforms) = preSolution
		Debug|Any CPU = Debug|Any CPU
		Release|Any CPU = Release|Any CPU
	EndGlobalSection
	GlobalSection(ProjectConfigurationPlatforms) = postSolution
		{E3257E9A-D72F-44E2-B9BE-E8261E090777}.Debug|Any CPU.ActiveCfg = Debug|Any CPU
		{E3257E9A-D72F-44E2-B9BE-E8261E090777}.Debug|Any CPU.Build.0 = Debug|Any CPU
		{E3257E9A-D72F-44E2-B9BE-E8261E090777}.Release|Any CPU.ActiveCfg = Release|Any CPU
		{E3257E9A-D72F-44E2-B9BE-E8261E090777}.Release|Any CPU.Build.0 = Release|Any CPU
	EndGlobalSection
	GlobalSection(SolutionProperties) = preSolution
		HideSolutionNode = FALSE
	EndGlobalSection
	GlobalSection(ExtensibilityGlobals) = postSolution
		SolutionGuid = {A27FFB8F-BE95-42A3-ACA1-F71333CA2E72}
	EndGlobalSection
EndGlobal
